
Microsoft Visual Studio Solution File, Format Version 12.00
# Visual Studio 15
VisualStudioVersion = 15.0.28307.168
MinimumVisualStudioVersion = 10.0.40219.1
Project("{FAE04EC0-301F-11D3-BF4B-00C04F79EFBC}") = "organization", "organization\organization.csproj", "{1B492B36-4DFB-4E46-86A9-5D521F7FAC7B}"
EndProject
Project("{FAE04EC0-301F-11D3-BF4B-00C04F79EFBC}") = "WpfOrganization", "WpfOrganization\WpfOrganization.csproj", "{C363DF8A-8B4C-4D3F-9701-AB56C997706A}"
EndProject
Project("{FAE04EC0-301F-11D3-BF4B-00C04F79EFBC}") = "WpfOrganization.GenericData", "WpfOrganization.GenericData\WpfOrganization.GenericData.csproj", "{C0776E60-E2D5-4CE4-AC94-92043A9F6879}"
EndProject
Global
	GlobalSection(SolutionConfigurationPlatforms) = preSolution
		Debug|Any CPU = Debug|Any CPU
		Debug|x86 = Debug|x86
		Release|Any CPU = Release|Any CPU
		Release|x86 = Release|x86
	EndGlobalSection
	GlobalSection(ProjectConfigurationPlatforms) = postSolution
		{1B492B36-4DFB-4E46-86A9-5D521F7FAC7B}.Debug|Any CPU.ActiveCfg = Debug|x86
		{1B492B36-4DFB-4E46-86A9-5D521F7FAC7B}.Debug|x86.ActiveCfg = Debug|x86
		{1B492B36-4DFB-4E46-86A9-5D521F7FAC7B}.Debug|x86.Build.0 = Debug|x86
		{1B492B36-4DFB-4E46-86A9-5D521F7FAC7B}.Release|Any CPU.ActiveCfg = Release|x86
		{1B492B36-4DFB-4E46-86A9-5D521F7FAC7B}.Release|x86.ActiveCfg = Release|x86
		{1B492B36-4DFB-4E46-86A9-5D521F7FAC7B}.Release|x86.Build.0 = Release|x86
		{C363DF8A-8B4C-4D3F-9701-AB56C997706A}.Debug|Any CPU.ActiveCfg = Debug|Any CPU
		{C363DF8A-8B4C-4D3F-9701-AB56C997706A}.Debug|Any CPU.Build.0 = Debug|Any CPU
		{C363DF8A-8B4C-4D3F-9701-AB56C997706A}.Debug|x86.ActiveCfg = Debug|Any CPU
		{C363DF8A-8B4C-4D3F-9701-AB56C997706A}.Debug|x86.Build.0 = Debug|Any CPU
		{C363DF8A-8B4C-4D3F-9701-AB56C997706A}.Release|Any CPU.ActiveCfg = Release|Any CPU
		{C363DF8A-8B4C-4D3F-9701-AB56C997706A}.Release|Any CPU.Build.0 = Release|Any CPU
		{C363DF8A-8B4C-4D3F-9701-AB56C997706A}.Release|x86.ActiveCfg = Release|Any CPU
		{C363DF8A-8B4C-4D3F-9701-AB56C997706A}.Release|x86.Build.0 = Release|Any CPU
		{C0776E60-E2D5-4CE4-AC94-92043A9F6879}.Debug|Any CPU.ActiveCfg = Debug|Any CPU
		{C0776E60-E2D5-4CE4-AC94-92043A9F6879}.Debug|Any CPU.Build.0 = Debug|Any CPU
		{C0776E60-E2D5-4CE4-AC94-92043A9F6879}.Debug|x86.ActiveCfg = Debug|Any CPU
		{C0776E60-E2D5-4CE4-AC94-92043A9F6879}.Debug|x86.Build.0 = Debug|Any CPU
		{C0776E60-E2D5-4CE4-AC94-92043A9F6879}.Release|Any CPU.ActiveCfg = Release|Any CPU
		{C0776E60-E2D5-4CE4-AC94-92043A9F6879}.Release|Any CPU.Build.0 = Release|Any CPU
		{C0776E60-E2D5-4CE4-AC94-92043A9F6879}.Release|x86.ActiveCfg = Release|Any CPU
		{C0776E60-E2D5-4CE4-AC94-92043A9F6879}.Release|x86.Build.0 = Release|Any CPU
	EndGlobalSection
	GlobalSection(SolutionProperties) = preSolution
		HideSolutionNode = FALSE
	EndGlobalSection
	GlobalSection(ExtensibilityGlobals) = postSolution
		VSCustomBkgrdPaint = True
		VSUseSystemFonts = False
		VSSkinToggleButtons = True
		VSSkinFlatStyles = True
		VSTextShadow = True
		VSToolStripStyle = Mixed
		VSTargetControls = FormsAndControls
		VSStyle = GlasKalas Blue (Normal).vssf
		SolutionGuid = {947175D5-9502-44D1-922F-FE0CCB0A1406}
	EndGlobalSection
EndGlobal
